
Microsoft Visual Studio Solution File, Format Version 12.00
# Visual Studio Version 16
VisualStudioVersion = 16.0.31702.278
MinimumVisualStudioVersion = 10.0.40219.1
Project("{FAE04EC0-301F-11D3-BF4B-00C04F79EFBC}") = "FactApp", "FactApp.csproj", "{9CEFCBFA-5298-4134-9433-F5E5996C746B}"
EndProject
Global
	GlobalSection(SolutionConfigurationPlatforms) = preSolution
		Debug|Any CPU = Debug|Any CPU
		Release|Any CPU = Release|Any CPU
	EndGlobalSection
	GlobalSection(ProjectConfigurationPlatforms) = postSolution
		{9CEFCBFA-5298-4134-9433-F5E5996C746B}.Debug|Any CPU.ActiveCfg = Debug|Any CPU
		{9CEFCBFA-5298-4134-9433-F5E5996C746B}.Debug|Any CPU.Build.0 = Debug|Any CPU
		{9CEFCBFA-5298-4134-9433-F5E5996C746B}.Release|Any CPU.ActiveCfg = Release|Any CPU
		{9CEFCBFA-5298-4134-9433-F5E5996C746B}.Release|Any CPU.Build.0 = Release|Any CPU
	EndGlobalSection
	GlobalSection(SolutionProperties) = preSolution
		HideSolutionNode = FALSE
	EndGlobalSection
	GlobalSection(ExtensibilityGlobals) = postSolution
		SolutionGuid = {CEC0A6B7-F29C-41F2-91AB-C9F12984D41F}
	EndGlobalSection
EndGlobal
